
Microsoft Visual Studio Solution File, Format Version 12.00
# Visual Studio 15
VisualStudioVersion = 15.0.28010.2016
MinimumVisualStudioVersion = 10.0.40219.1
Project("{FAE04EC0-301F-11D3-BF4B-00C04F79EFBC}") = "Cirkus", "Cirkus\Cirkus.csproj", "{4E63AA44-5A7C-4D83-ABB4-6F8F363D419F}"
EndProject
Global
	GlobalSection(SolutionConfigurationPlatforms) = preSolution
		Debug|Any CPU = Debug|Any CPU
		Release|Any CPU = Release|Any CPU
	EndGlobalSection
	GlobalSection(ProjectConfigurationPlatforms) = postSolution
		{4E63AA44-5A7C-4D83-ABB4-6F8F363D419F}.Debug|Any CPU.ActiveCfg = Debug|Any CPU
		{4E63AA44-5A7C-4D83-ABB4-6F8F363D419F}.Debug|Any CPU.Build.0 = Debug|Any CPU
		{4E63AA44-5A7C-4D83-ABB4-6F8F363D419F}.Release|Any CPU.ActiveCfg = Release|Any CPU
		{4E63AA44-5A7C-4D83-ABB4-6F8F363D419F}.Release|Any CPU.Build.0 = Release|Any CPU
	EndGlobalSection
	GlobalSection(SolutionProperties) = preSolution
		HideSolutionNode = FALSE
	EndGlobalSection
	GlobalSection(ExtensibilityGlobals) = postSolution
		SolutionGuid = {6F998F2D-99AD-4958-876D-6E7AD40015C2}
	EndGlobalSection
EndGlobal
